
Microsoft Visual Studio Solution File, Format Version 12.00
# Visual Studio 2013
VisualStudioVersion = 12.0.21005.1
MinimumVisualStudioVersion = 10.0.40219.1
Project("{8BC9CEB8-8B4A-11D0-8D11-00A0C91BC942}") = "RwgeSample", "RwgeSample\RwgeSample.vcxproj", "{F79ADA52-025B-4433-A0BA-3CE96932D042}"
	ProjectSection(ProjectDependencies) = postProject
		{F1C2D02A-4281-474B-B88C-7218320A37FF} = {F1C2D02A-4281-474B-B88C-7218320A37FF}
		{1723D939-F091-4023-9816-75AD0332270B} = {1723D939-F091-4023-9816-75AD0332270B}
		{6277FE95-0800-45B8-B3AD-CE1CA0CDD61A} = {6277FE95-0800-45B8-B3AD-CE1CA0CDD61A}
		{8FEFF6E1-E3D4-4268-8A13-06A95DC5FBD2} = {8FEFF6E1-E3D4-4268-8A13-06A95DC5FBD2}
	EndProjectSection
EndProject
Project("{8BC9CEB8-8B4A-11D0-8D11-00A0C91BC942}") = "RwgeCore", "RwgeCore\RwgeCore.vcxproj", "{8FEFF6E1-E3D4-4268-8A13-06A95DC5FBD2}"
	ProjectSection(ProjectDependencies) = postProject
		{F1C2D02A-4281-474B-B88C-7218320A37FF} = {F1C2D02A-4281-474B-B88C-7218320A37FF}
		{1723D939-F091-4023-9816-75AD0332270B} = {1723D939-F091-4023-9816-75AD0332270B}
		{6277FE95-0800-45B8-B3AD-CE1CA0CDD61A} = {6277FE95-0800-45B8-B3AD-CE1CA0CDD61A}
	EndProjectSection
EndProject
Project("{8BC9CEB8-8B4A-11D0-8D11-00A0C91BC942}") = "RwgeGraphics", "RwgeGraphics\RwgeGraphics.vcxproj", "{F1C2D02A-4281-474B-B88C-7218320A37FF}"
	ProjectSection(ProjectDependencies) = postProject
		{1723D939-F091-4023-9816-75AD0332270B} = {1723D939-F091-4023-9816-75AD0332270B}
		{6277FE95-0800-45B8-B3AD-CE1CA0CDD61A} = {6277FE95-0800-45B8-B3AD-CE1CA0CDD61A}
	EndProjectSection
EndProject
Project("{8BC9CEB8-8B4A-11D0-8D11-00A0C91BC942}") = "RwgeMath", "RwgeMath\RwgeMath.vcxproj", "{6277FE95-0800-45B8-B3AD-CE1CA0CDD61A}"
EndProject
Project("{8BC9CEB8-8B4A-11D0-8D11-00A0C91BC942}") = "RwgeUtils", "RwgeUtils\RwgeUtils.vcxproj", "{1723D939-F091-4023-9816-75AD0332270B}"
EndProject
Project("{8BC9CEB8-8B4A-11D0-8D11-00A0C91BC942}") = "Rwge3dsMaxPlug", "Rwge3dsMaxPlug\Rwge3dsMaxPlug.vcxproj", "{3CAEF9E7-47EC-4414-B0BC-F432D579ECCD}"
EndProject
Project("{2150E333-8FDC-42A3-9474-1A3956D46DE8}") = "RwgeDocumentation", "RwgeDocumentation", "{8196BE9E-5995-4936-9C88-593BD0A880A9}"
	ProjectSection(SolutionItems) = preProject
		RwgeDocumentation\代码规范 - CodingConvention.txt = RwgeDocumentation\代码规范 - CodingConvention.txt
		RwgeDocumentation\架构设计思路 - ArchitectureDesignIdeas.txt = RwgeDocumentation\架构设计思路 - ArchitectureDesignIdeas.txt
	EndProjectSection
EndProject
Global
	GlobalSection(SolutionConfigurationPlatforms) = preSolution
		Debug|Win32 = Debug|Win32
		Debug|x64 = Debug|x64
		Release|Win32 = Release|Win32
		Release|x64 = Release|x64
	EndGlobalSection
	GlobalSection(ProjectConfigurationPlatforms) = postSolution
		{F79ADA52-025B-4433-A0BA-3CE96932D042}.Debug|Win32.ActiveCfg = Debug|Win32
		{F79ADA52-025B-4433-A0BA-3CE96932D042}.Debug|Win32.Build.0 = Debug|Win32
		{F79ADA52-025B-4433-A0BA-3CE96932D042}.Debug|x64.ActiveCfg = Debug|Win32
		{F79ADA52-025B-4433-A0BA-3CE96932D042}.Release|Win32.ActiveCfg = Release|Win32
		{F79ADA52-025B-4433-A0BA-3CE96932D042}.Release|Win32.Build.0 = Release|Win32
		{F79ADA52-025B-4433-A0BA-3CE96932D042}.Release|x64.ActiveCfg = Release|Win32
		{8FEFF6E1-E3D4-4268-8A13-06A95DC5FBD2}.Debug|Win32.ActiveCfg = Debug|Win32
		{8FEFF6E1-E3D4-4268-8A13-06A95DC5FBD2}.Debug|Win32.Build.0 = Debug|Win32
		{8FEFF6E1-E3D4-4268-8A13-06A95DC5FBD2}.Debug|x64.ActiveCfg = Debug|Win32
		{8FEFF6E1-E3D4-4268-8A13-06A95DC5FBD2}.Release|Win32.ActiveCfg = Release|Win32
		{8FEFF6E1-E3D4-4268-8A13-06A95DC5FBD2}.Release|Win32.Build.0 = Release|Win32
		{8FEFF6E1-E3D4-4268-8A13-06A95DC5FBD2}.Release|x64.ActiveCfg = Release|Win32
		{F1C2D02A-4281-474B-B88C-7218320A37FF}.Debug|Win32.ActiveCfg = Debug|Win32
		{F1C2D02A-4281-474B-B88C-7218320A37FF}.Debug|Win32.Build.0 = Debug|Win32
		{F1C2D02A-4281-474B-B88C-7218320A37FF}.Debug|x64.ActiveCfg = Debug|Win32
		{F1C2D02A-4281-474B-B88C-7218320A37FF}.Release|Win32.ActiveCfg = Release|Win32
		{F1C2D02A-4281-474B-B88C-7218320A37FF}.Release|Win32.Build.0 = Release|Win32
		{F1C2D02A-4281-474B-B88C-7218320A37FF}.Release|x64.ActiveCfg = Release|Win32
		{6277FE95-0800-45B8-B3AD-CE1CA0CDD61A}.Debug|Win32.ActiveCfg = Debug|Win32
		{6277FE95-0800-45B8-B3AD-CE1CA0CDD61A}.Debug|Win32.Build.0 = Debug|Win32
		{6277FE95-0800-45B8-B3AD-CE1CA0CDD61A}.Debug|x64.ActiveCfg = Debug|Win32
		{6277FE95-0800-45B8-B3AD-CE1CA0CDD61A}.Release|Win32.ActiveCfg = Release|Win32
		{6277FE95-0800-45B8-B3AD-CE1CA0CDD61A}.Release|Win32.Build.0 = Release|Win32
		{6277FE95-0800-45B8-B3AD-CE1CA0CDD61A}.Release|x64.ActiveCfg = Release|Win32
		{1723D939-F091-4023-9816-75AD0332270B}.Debug|Win32.ActiveCfg = Debug|Win32
		{1723D939-F091-4023-9816-75AD0332270B}.Debug|Win32.Build.0 = Debug|Win32
		{1723D939-F091-4023-9816-75AD0332270B}.Debug|x64.ActiveCfg = Debug|Win32
		{1723D939-F091-4023-9816-75AD0332270B}.Release|Win32.ActiveCfg = Release|Win32
		{1723D939-F091-4023-9816-75AD0332270B}.Release|Win32.Build.0 = Release|Win32
		{1723D939-F091-4023-9816-75AD0332270B}.Release|x64.ActiveCfg = Release|Win32
		{3CAEF9E7-47EC-4414-B0BC-F432D579ECCD}.Debug|Win32.ActiveCfg = Debug|Win32
		{3CAEF9E7-47EC-4414-B0BC-F432D579ECCD}.Debug|Win32.Build.0 = Debug|Win32
		{3CAEF9E7-47EC-4414-B0BC-F432D579ECCD}.Debug|x64.ActiveCfg = Debug|x64
		{3CAEF9E7-47EC-4414-B0BC-F432D579ECCD}.Debug|x64.Build.0 = Debug|x64
		{3CAEF9E7-47EC-4414-B0BC-F432D579ECCD}.Release|Win32.ActiveCfg = Release|Win32
		{3CAEF9E7-47EC-4414-B0BC-F432D579ECCD}.Release|Win32.Build.0 = Release|Win32
		{3CAEF9E7-47EC-4414-B0BC-F432D579ECCD}.Release|x64.ActiveCfg = Release|x64
		{3CAEF9E7-47EC-4414-B0BC-F432D579ECCD}.Release|x64.Build.0 = Release|x64
	EndGlobalSection
	GlobalSection(SolutionProperties) = preSolution
		HideSolutionNode = FALSE
	EndGlobalSection
	GlobalSection(Performance) = preSolution
		HasPerformanceSessions = true
	EndGlobalSection
EndGlobal
