<?xml version="1.0" encoding="utf-8"?>
<Project ToolsVersion="4.0" xmlns="http://schemas.microsoft.com/developer/msbuild/2003">
  <ItemGroup>
    <Filter Include="源文件">
      <UniqueIdentifier>{4FC737F1-C7A5-4376-A066-2A32D752A2FF}</UniqueIdentifier>
      <Extensions>cpp;c;cc;cxx;def;odl;idl;hpj;bat;asm;asmx</Extensions>
    </Filter>
    <Filter Include="头文件">
      <UniqueIdentifier>{93995380-89BD-4b04-88EB-625FBE52EBFB}</UniqueIdentifier>
      <Extensions>h;hh;hpp;hxx;hm;inl;inc;xsd</Extensions>
    </Filter>
    <Filter Include="资源文件">
      <UniqueIdentifier>{67DA6AB6-F800-4c08-8B7A-83BB121AAD01}</UniqueIdentifier>
      <Extensions>rc;ico;cur;bmp;dlg;rc2;rct;bin;rgs;gif;jpg;jpeg;jpe;resx;tiff;tif;png;wav;mfcribbon-ms</Extensions>
    </Filter>
    <Filter Include="头文件\Graphics">
      <UniqueIdentifier>{55a7adb9-2560-40c9-8ebf-53600f60673d}</UniqueIdentifier>
    </Filter>
    <Filter Include="源文件\Graphics">
      <UniqueIdentifier>{a4b249a2-6d3e-460f-976a-0599d788f590}</UniqueIdentifier>
    </Filter>
    <Filter Include="头文件\Input">
      <UniqueIdentifier>{09331dd8-e1e6-4a3d-81df-c56c0282baa9}</UniqueIdentifier>
    </Filter>
    <Filter Include="源文件\Input">
      <UniqueIdentifier>{5dc603c9-97ba-47e0-9fbb-ad1459966825}</UniqueIdentifier>
    </Filter>
    <Filter Include="头文件\Resources">
      <UniqueIdentifier>{8d0b7728-c173-4a1b-a056-107279b81524}</UniqueIdentifier>
    </Filter>
    <Filter Include="源文件\Resources">
      <UniqueIdentifier>{c2bbce8a-79c7-4a20-be0f-eae5f37ecdc0}</UniqueIdentifier>
    </Filter>
    <Filter Include="头文件\Application">
      <UniqueIdentifier>{700a00a6-e0d7-43e0-9c5c-802a42606681}</UniqueIdentifier>
    </Filter>
    <Filter Include="源文件\Applicaiton">
      <UniqueIdentifier>{ebe857e2-576e-4263-941e-d234bc027cd5}</UniqueIdentifier>
    </Filter>
    <Filter Include="头文件\Math">
      <UniqueIdentifier>{95fd8931-b806-4357-82c6-60b285307ad6}</UniqueIdentifier>
    </Filter>
    <Filter Include="源文件\Math">
      <UniqueIdentifier>{c8060421-8cf2-4a60-90b7-a02a2cb0735c}</UniqueIdentifier>
    </Filter>
    <Filter Include="源文件\Utils">
      <UniqueIdentifier>{5873603d-bf96-4c94-98b5-3dcd934d7b04}</UniqueIdentifier>
    </Filter>
    <Filter Include="头文件\Utils">
      <UniqueIdentifier>{83c52b3b-74df-4fc4-8c11-94a75cbec78c}</UniqueIdentifier>
    </Filter>
    <Filter Include="着色器">
      <UniqueIdentifier>{144c8273-25e5-4a0b-a09c-f943ded3ec5c}</UniqueIdentifier>
    </Filter>
  </ItemGroup>
  <ItemGroup>
    <ClInclude Include="RwgeClasses.h">
      <Filter>头文件</Filter>
    </ClInclude>
    <ClInclude Include="Singleton.h">
      <Filter>头文件</Filter>
    </ClInclude>
    <ClInclude Include="Application.h">
      <Filter>头文件\Application</Filter>
    </ClInclude>
    <ClInclude Include="Graphics.h">
      <Filter>头文件\Application</Filter>
    </ClInclude>
    <ClInclude Include="InputManager.h">
      <Filter>头文件\Application</Filter>
    </ClInclude>
    <ClInclude Include="AppDelegate.h">
      <Filter>头文件\Application</Filter>
    </ClInclude>
    <ClInclude Include="AppConfig.h">
      <Filter>头文件\Application</Filter>
    </ClInclude>
    <ClInclude Include="InputListener.h">
      <Filter>头文件\Input</Filter>
    </ClInclude>
    <ClInclude Include="SceneManager.h">
      <Filter>头文件\Graphics</Filter>
    </ClInclude>
    <ClInclude Include="Animation.h">
      <Filter>头文件\Graphics</Filter>
    </ClInclude>
    <ClInclude Include="Mesh.h">
      <Filter>头文件\Graphics</Filter>
    </ClInclude>
    <ClInclude Include="Sprite.h">
      <Filter>头文件\Graphics</Filter>
    </ClInclude>
    <ClInclude Include="Viewport.h">
      <Filter>头文件\Graphics</Filter>
    </ClInclude>
    <ClInclude Include="Window.h">
      <Filter>头文件\Graphics</Filter>
    </ClInclude>
    <ClInclude Include="Camera.h">
      <Filter>头文件\Graphics</Filter>
    </ClInclude>
    <ClInclude Include="MaxModel.h">
      <Filter>头文件\Resources</Filter>
    </ClInclude>
    <ClInclude Include="Light.h">
      <Filter>头文件\Graphics</Filter>
    </ClInclude>
    <ClInclude Include="SceneNode.h">
      <Filter>头文件\Graphics</Filter>
    </ClInclude>
    <ClInclude Include="LogUtil.h">
      <Filter>头文件\Utils</Filter>
    </ClInclude>
    <ClInclude Include="VertexShader.h">
      <Filter>头文件\Graphics</Filter>
    </ClInclude>
    <ClInclude Include="resource.h">
      <Filter>头文件</Filter>
    </ClInclude>
    <ClInclude Include="RwgeVertexShader.h">
      <Filter>头文件\Graphics</Filter>
    </ClInclude>
    <ClInclude Include="PixelShader.h">
      <Filter>头文件\Graphics</Filter>
    </ClInclude>
    <ClInclude Include="RwgePixelShader.h">
      <Filter>头文件\Graphics</Filter>
    </ClInclude>
  </ItemGroup>
  <ItemGroup>
    <ClCompile Include="Application.cpp">
      <Filter>源文件\Applicaiton</Filter>
    </ClCompile>
    <ClCompile Include="Graphics.cpp">
      <Filter>源文件\Applicaiton</Filter>
    </ClCompile>
    <ClCompile Include="InputManager.cpp">
      <Filter>源文件\Applicaiton</Filter>
    </ClCompile>
    <ClCompile Include="AppDelegate.cpp">
      <Filter>源文件\Applicaiton</Filter>
    </ClCompile>
    <ClCompile Include="InputListener.cpp">
      <Filter>源文件\Input</Filter>
    </ClCompile>
    <ClCompile Include="SceneManager.cpp">
      <Filter>源文件\Graphics</Filter>
    </ClCompile>
    <ClCompile Include="Animation.cpp">
      <Filter>源文件\Graphics</Filter>
    </ClCompile>
    <ClCompile Include="Mesh.cpp">
      <Filter>源文件\Graphics</Filter>
    </ClCompile>
    <ClCompile Include="Sprite.cpp">
      <Filter>源文件\Graphics</Filter>
    </ClCompile>
    <ClCompile Include="Viewport.cpp">
      <Filter>源文件\Graphics</Filter>
    </ClCompile>
    <ClCompile Include="Window.cpp">
      <Filter>源文件\Graphics</Filter>
    </ClCompile>
    <ClCompile Include="Camera.cpp">
      <Filter>源文件\Graphics</Filter>
    </ClCompile>
    <ClCompile Include="Light.cpp">
      <Filter>源文件\Graphics</Filter>
    </ClCompile>
    <ClCompile Include="SceneNode.cpp">
      <Filter>源文件\Graphics</Filter>
    </ClCompile>
    <ClCompile Include="LogUtil.cpp">
      <Filter>源文件\Utils</Filter>
    </ClCompile>
    <ClCompile Include="VertexShader.cpp">
      <Filter>源文件\Graphics</Filter>
    </ClCompile>
    <ClCompile Include="RwgeVertexShader.cpp">
      <Filter>源文件\Graphics</Filter>
    </ClCompile>
    <ClCompile Include="PixelShader.cpp">
      <Filter>源文件\Graphics</Filter>
    </ClCompile>
    <ClCompile Include="RwgePixelShader.cpp">
      <Filter>源文件\Graphics</Filter>
    </ClCompile>
  </ItemGroup>
  <ItemGroup>
    <None Include="DefaultVertexShader.fx">
      <Filter>着色器</Filter>
    </None>
    <None Include="DefaultPixelShader.fx">
      <Filter>着色器</Filter>
    </None>
  </ItemGroup>
</Project>