<?xml version="1.0" encoding="utf-8"?>
<Project ToolsVersion="4.0" xmlns="http://schemas.microsoft.com/developer/msbuild/2003">
  <ItemGroup>
    <Filter Include="源文件">
      <UniqueIdentifier>{4FC737F1-C7A5-4376-A066-2A32D752A2FF}</UniqueIdentifier>
      <Extensions>cpp;c;cc;cxx;def;odl;idl;hpj;bat;asm;asmx</Extensions>
    </Filter>
    <Filter Include="资源文件">
      <UniqueIdentifier>{67DA6AB6-F800-4c08-8B7A-83BB121AAD01}</UniqueIdentifier>
      <Extensions>rc;ico;cur;bmp;dlg;rc2;rct;bin;rgs;gif;jpg;jpeg;jpe;resx;tiff;tif;png;wav;mfcribbon-ms</Extensions>
    </Filter>
    <Filter Include="源文件\Scene">
      <UniqueIdentifier>{38be9e6e-d39b-4933-b5a6-34a5de44a8df}</UniqueIdentifier>
    </Filter>
    <Filter Include="源文件\Common">
      <UniqueIdentifier>{cf5bde1c-99ac-401d-b16f-e7733b9f36cc}</UniqueIdentifier>
    </Filter>
    <Filter Include="源文件\Render">
      <UniqueIdentifier>{9589cd4f-ad28-46bb-9f7f-109fe0337cec}</UniqueIdentifier>
    </Filter>
    <Filter Include="源文件\Render\Material">
      <UniqueIdentifier>{946d1a21-029a-4430-be4e-851c1af5d94e}</UniqueIdentifier>
    </Filter>
    <Filter Include="源文件\Render\Material\Expression">
      <UniqueIdentifier>{dabef0de-57ba-4f78-b7c1-eb94d5e3d8c5}</UniqueIdentifier>
    </Filter>
    <Filter Include="源文件\Render\Primitive">
      <UniqueIdentifier>{da058d48-a4d4-4cde-824f-5c054507e894}</UniqueIdentifier>
    </Filter>
    <Filter Include="源文件\Scene\Model">
      <UniqueIdentifier>{9cb2258a-23d4-40bc-ba0c-5cf5239d461f}</UniqueIdentifier>
    </Filter>
    <Filter Include="源文件\Scene\Model\Animation">
      <UniqueIdentifier>{4b58a56f-c7e9-4b8e-8ee9-890e25d59a27}</UniqueIdentifier>
    </Filter>
    <Filter Include="资源文件\Shaders">
      <UniqueIdentifier>{ff665be3-6c9e-4ba4-b4fe-4be9703bf2b4}</UniqueIdentifier>
    </Filter>
    <Filter Include="源文件\Render\D3D9">
      <UniqueIdentifier>{95d483a7-9ed6-43ba-9de2-b3bbd0d6fddc}</UniqueIdentifier>
    </Filter>
    <Filter Include="源文件\Render\Shader">
      <UniqueIdentifier>{88ea9101-b02a-4d97-8995-be556e721de6}</UniqueIdentifier>
    </Filter>
    <Filter Include="源文件\Render\Texture">
      <UniqueIdentifier>{73625f58-1e5f-405c-a537-4907272c3c78}</UniqueIdentifier>
    </Filter>
  </ItemGroup>
  <ItemGroup>
    <ClCompile Include="Source\RwgeColor.cpp">
      <Filter>源文件\Common</Filter>
    </ClCompile>
    <ClCompile Include="Source\RwgeMaterialFactory.cpp">
      <Filter>源文件\Render\Material</Filter>
    </ClCompile>
    <ClCompile Include="Source\RwgeMaterial.cpp">
      <Filter>源文件\Render\Material</Filter>
    </ClCompile>
    <ClCompile Include="Source\RwgeTextureManager.cpp">
      <Filter>源文件\Render\Texture</Filter>
    </ClCompile>
    <ClCompile Include="Source\RwgeSceneNode.cpp">
      <Filter>源文件\Scene</Filter>
    </ClCompile>
    <ClCompile Include="Source\RwgeSceneManager.cpp">
      <Filter>源文件\Scene</Filter>
    </ClCompile>
    <ClCompile Include="Source\RwgeLight.cpp">
      <Filter>源文件\Scene</Filter>
    </ClCompile>
    <ClCompile Include="Source\RwgeCamera.cpp">
      <Filter>源文件\Scene</Filter>
    </ClCompile>
    <ClCompile Include="Source\RwgeModelFactory.cpp">
      <Filter>源文件\Scene\Model</Filter>
    </ClCompile>
    <ClCompile Include="Source\RwgeModel.cpp">
      <Filter>源文件\Scene\Model</Filter>
    </ClCompile>
    <ClCompile Include="Source\RwgeMesh.cpp">
      <Filter>源文件\Scene\Model</Filter>
    </ClCompile>
    <ClCompile Include="Source\RwgeAnimation.cpp">
      <Filter>源文件\Scene\Model\Animation</Filter>
    </ClCompile>
    <ClCompile Include="Source\RwgeShaderCompilerEnv.cpp">
      <Filter>源文件\Render\Shader</Filter>
    </ClCompile>
    <ClCompile Include="Source\RwgeShaderKey.cpp">
      <Filter>源文件\Render\Shader</Filter>
    </ClCompile>
    <ClCompile Include="Source\RwgeD3d9Device.cpp">
      <Filter>源文件\Render\D3D9</Filter>
    </ClCompile>
    <ClCompile Include="Source\RwgeD3d9SwapChain.cpp">
      <Filter>源文件\Render\D3D9</Filter>
    </ClCompile>
    <ClCompile Include="Source\RwgeD3d9RenderSystem.cpp">
      <Filter>源文件\Render\D3D9</Filter>
    </ClCompile>
    <ClCompile Include="Source\RwgeD3d9RenderTarget.cpp">
      <Filter>源文件\Render\D3D9</Filter>
    </ClCompile>
    <ClCompile Include="Source\RwgeD3d9Viewport.cpp">
      <Filter>源文件\Render\D3D9</Filter>
    </ClCompile>
    <ClCompile Include="Source\RwgeD3d9RenderQueue.cpp">
      <Filter>源文件\Render\D3D9</Filter>
    </ClCompile>
    <ClCompile Include="Source\RwgeD3d9ShaderManager.cpp">
      <Filter>源文件\Render\Shader</Filter>
    </ClCompile>
    <ClCompile Include="Source\RwgeD3d9Shader.cpp">
      <Filter>源文件\Render\Shader</Filter>
    </ClCompile>
    <ClCompile Include="Source\RwgeD3d9Texture.cpp">
      <Filter>源文件\Render\Texture</Filter>
    </ClCompile>
    <ClCompile Include="Source\RwgeVertexDeclarationTemplate.cpp">
      <Filter>源文件\Render\Primitive</Filter>
    </ClCompile>
    <ClCompile Include="Source\RwgeVertexDeclarationManager.cpp">
      <Filter>源文件\Render\Primitive</Filter>
    </ClCompile>
    <ClCompile Include="Source\RwgeD3d9VertexDeclaration.cpp">
      <Filter>源文件\Render\Primitive</Filter>
    </ClCompile>
    <ClCompile Include="Source\RwgeRenderUnit.cpp">
      <Filter>源文件\Render\Primitive</Filter>
    </ClCompile>
    <ClCompile Include="Source\RwgeD3d9IndexBuffer.cpp">
      <Filter>源文件\Render\Primitive</Filter>
    </ClCompile>
    <ClCompile Include="Source\RwgeD3d9VertexBuffer.cpp">
      <Filter>源文件\Render\Primitive</Filter>
    </ClCompile>
    <ClCompile Include="Source\RwgeD3dx9Extension.cpp">
      <Filter>源文件\Render\D3D9</Filter>
    </ClCompile>
    <ClCompile Include="Source\RwgeTexturesToTextureUnitsMap.cpp">
      <Filter>源文件\Render\Shader</Filter>
    </ClCompile>
  </ItemGroup>
  <ItemGroup>
    <ClInclude Include="Include\RwgeColor.h">
      <Filter>源文件\Common</Filter>
    </ClInclude>
    <ClInclude Include="Include\RwgeGraphics.h">
      <Filter>源文件\Common</Filter>
    </ClInclude>
    <ClInclude Include="Include\RwgeMaterialFactory.h">
      <Filter>源文件\Render\Material</Filter>
    </ClInclude>
    <ClInclude Include="Include\RwgeMaterial.h">
      <Filter>源文件\Render\Material</Filter>
    </ClInclude>
    <ClInclude Include="Include\RwgeTextureManager.h">
      <Filter>源文件\Render\Texture</Filter>
    </ClInclude>
    <ClInclude Include="Include\RwgeVertexStream.h">
      <Filter>源文件\Render\Primitive</Filter>
    </ClInclude>
    <ClInclude Include="Include\RwgeIndexStream.h">
      <Filter>源文件\Render\Primitive</Filter>
    </ClInclude>
    <ClInclude Include="Include\RwgeSceneNode.h">
      <Filter>源文件\Scene</Filter>
    </ClInclude>
    <ClInclude Include="Include\RwgeSceneManager.h">
      <Filter>源文件\Scene</Filter>
    </ClInclude>
    <ClInclude Include="Include\RwgeLight.h">
      <Filter>源文件\Scene</Filter>
    </ClInclude>
    <ClInclude Include="Include\RwgeCamera.h">
      <Filter>源文件\Scene</Filter>
    </ClInclude>
    <ClInclude Include="Include\RwgeModelFactory.h">
      <Filter>源文件\Scene\Model</Filter>
    </ClInclude>
    <ClInclude Include="Include\RwgeModel.h">
      <Filter>源文件\Scene\Model</Filter>
    </ClInclude>
    <ClInclude Include="Include\RwgeMesh.h">
      <Filter>源文件\Scene\Model</Filter>
    </ClInclude>
    <ClInclude Include="Include\RwgeAnimation.h">
      <Filter>源文件\Scene\Model\Animation</Filter>
    </ClInclude>
    <ClInclude Include="Include\RwgeShaderCompilerEnv.h">
      <Filter>源文件\Render\Shader</Filter>
    </ClInclude>
    <ClInclude Include="Include\RwgeShaderKey.h">
      <Filter>源文件\Render\Shader</Filter>
    </ClInclude>
    <ClInclude Include="Include\RwgeD3d9Device.h">
      <Filter>源文件\Render\D3D9</Filter>
    </ClInclude>
    <ClInclude Include="Include\RwgeD3dx9Extension.h">
      <Filter>源文件\Render\D3D9</Filter>
    </ClInclude>
    <ClInclude Include="Include\RwgeD3d9SwapChain.h">
      <Filter>源文件\Render\D3D9</Filter>
    </ClInclude>
    <ClInclude Include="Include\RwgeD3d9RenderSystem.h">
      <Filter>源文件\Render\D3D9</Filter>
    </ClInclude>
    <ClInclude Include="Include\RwgeD3d9RenderTarget.h">
      <Filter>源文件\Render\D3D9</Filter>
    </ClInclude>
    <ClInclude Include="Include\RwgeD3d9Viewport.h">
      <Filter>源文件\Render\D3D9</Filter>
    </ClInclude>
    <ClInclude Include="Include\RwgeD3d9RenderQueue.h">
      <Filter>源文件\Render\D3D9</Filter>
    </ClInclude>
    <ClInclude Include="Include\RwgeD3d9ShaderManager.h">
      <Filter>源文件\Render\Shader</Filter>
    </ClInclude>
    <ClInclude Include="Include\RwgeD3d9Shader.h">
      <Filter>源文件\Render\Shader</Filter>
    </ClInclude>
    <ClInclude Include="Include\RwgeD3d9Texture.h">
      <Filter>源文件\Render\Texture</Filter>
    </ClInclude>
    <ClInclude Include="Include\RwgeMaterialExpression.h">
      <Filter>源文件\Render\Material\Expression</Filter>
    </ClInclude>
    <ClInclude Include="Include\RwgeMaterialExpressionID.h">
      <Filter>源文件\Render\Material\Expression</Filter>
    </ClInclude>
    <ClInclude Include="Include\RwgeMExp2dTextureSample.h">
      <Filter>源文件\Render\Material\Expression</Filter>
    </ClInclude>
    <ClInclude Include="Include\RwgeMExpConstant.h">
      <Filter>源文件\Render\Material\Expression</Filter>
    </ClInclude>
    <ClInclude Include="Include\RwgeVertexDeclarationTemplate.h">
      <Filter>源文件\Render\Primitive</Filter>
    </ClInclude>
    <ClInclude Include="Include\RwgeVertexDeclarationManager.h">
      <Filter>源文件\Render\Primitive</Filter>
    </ClInclude>
    <ClInclude Include="Include\RwgeD3d9VertexDeclaration.h">
      <Filter>源文件\Render\Primitive</Filter>
    </ClInclude>
    <ClInclude Include="Include\RwgeRenderUnit.h">
      <Filter>源文件\Render\Primitive</Filter>
    </ClInclude>
    <ClInclude Include="Include\RwgeD3d9IndexBuffer.h">
      <Filter>源文件\Render\Primitive</Filter>
    </ClInclude>
    <ClInclude Include="Include\RwgeD3d9VertexBuffer.h">
      <Filter>源文件\Render\Primitive</Filter>
    </ClInclude>
    <ClInclude Include="Include\RwgeTexturesToTextureUnitsMap.h">
      <Filter>源文件\Render\Shader</Filter>
    </ClInclude>
  </ItemGroup>
  <ItemGroup>
    <None Include="..\Bin\shaders\src\BRDF.hlsli">
      <Filter>资源文件\Shaders</Filter>
    </None>
    <None Include="..\Bin\shaders\src\Light.hlsli">
      <Filter>资源文件\Shaders</Filter>
    </None>
    <None Include="..\Bin\shaders\src\Material.hlsli">
      <Filter>资源文件\Shaders</Filter>
    </None>
    <None Include="..\Bin\shaders\src\SH.hlsli">
      <Filter>资源文件\Shaders</Filter>
    </None>
    <None Include="..\Bin\shaders\src\Texture.hlsli">
      <Filter>资源文件\Shaders</Filter>
    </None>
    <None Include="..\Bin\shaders\src\UniformDefinition.hlsli">
      <Filter>资源文件\Shaders</Filter>
    </None>
    <None Include="..\Bin\shaders\src\MaterialPixelParameters.hlsli">
      <Filter>资源文件\Shaders</Filter>
    </None>
    <None Include="..\Bin\shaders\src\MacroUserDefinition.hlsli">
      <Filter>资源文件\Shaders</Filter>
    </None>
  </ItemGroup>
  <ItemGroup>
    <FxCompile Include="..\Bin\shaders\src\BaseForwardShading.hlsl">
      <Filter>资源文件\Shaders</Filter>
    </FxCompile>
  </ItemGroup>
</Project>