<?xml version="1.0" encoding="utf-8"?>
<Project ToolsVersion="4.0" xmlns="http://schemas.microsoft.com/developer/msbuild/2003">
  <ItemGroup>
    <Filter Include="源文件">
      <UniqueIdentifier>{4FC737F1-C7A5-4376-A066-2A32D752A2FF}</UniqueIdentifier>
      <Extensions>cpp;c;cc;cxx;def;odl;idl;hpj;bat;asm;asmx</Extensions>
    </Filter>
    <Filter Include="源文件\Application">
      <UniqueIdentifier>{2566ad4b-612f-49da-8de8-cb3c8f5e9524}</UniqueIdentifier>
    </Filter>
    <Filter Include="源文件\Input">
      <UniqueIdentifier>{faca2b6c-957e-453f-8c0f-898c75ac8827}</UniqueIdentifier>
    </Filter>
    <Filter Include="资源文件">
      <UniqueIdentifier>{b470e32c-f0a3-485d-991a-c5e11f4e0a17}</UniqueIdentifier>
    </Filter>
    <Filter Include="源文件\Common">
      <UniqueIdentifier>{5c997a6b-69f0-45ae-82db-18edb7afdea7}</UniqueIdentifier>
    </Filter>
    <Filter Include="源文件\DebugTool">
      <UniqueIdentifier>{90f26727-baee-4c09-a735-1b790e5fd8c6}</UniqueIdentifier>
    </Filter>
  </ItemGroup>
  <ItemGroup>
    <ClInclude Include="Include\RwgeObject.h">
      <Filter>源文件\Common</Filter>
    </ClInclude>
    <ClInclude Include="Include\RwgeClock.h">
      <Filter>源文件\Common</Filter>
    </ClInclude>
    <ClInclude Include="Include\RwgeFpsController.h">
      <Filter>源文件\Common</Filter>
    </ClInclude>
    <ClInclude Include="Include\RwgeCoreDef.h">
      <Filter>源文件\Common</Filter>
    </ClInclude>
    <ClInclude Include="Include\RwgeApplication.h">
      <Filter>源文件\Application</Filter>
    </ClInclude>
    <ClInclude Include="Include\RwgeInputManager.h">
      <Filter>源文件\Input</Filter>
    </ClInclude>
    <ClInclude Include="Include\RwgeAppWindow.h">
      <Filter>源文件\Application</Filter>
    </ClInclude>
    <ClInclude Include="Include\RwgeAssert.h">
      <Filter>源文件\DebugTool</Filter>
    </ClInclude>
    <ClInclude Include="Include\RwgeLog.h">
      <Filter>源文件\DebugTool</Filter>
    </ClInclude>
    <ClInclude Include="Include\RwgeSingleton.h">
      <Filter>源文件\Common</Filter>
    </ClInclude>
    <ClInclude Include="Include\RwgeTime.h">
      <Filter>源文件\Common</Filter>
    </ClInclude>
    <ClInclude Include="Include\RwgeAppWindowListener.h">
      <Filter>源文件\Application</Filter>
    </ClInclude>
    <ClInclude Include="Include\RwgeInputListener.h">
      <Filter>源文件\Input</Filter>
    </ClInclude>
    <ClInclude Include="Include\RwgeTString.h">
      <Filter>源文件\Common</Filter>
    </ClInclude>
    <ClInclude Include="Include\RwgeMessageDef.h">
      <Filter>源文件\Input</Filter>
    </ClInclude>
    <ClInclude Include="Include\RwgeEnumAsByte.h">
      <Filter>源文件\Common</Filter>
    </ClInclude>
    <ClInclude Include="Include\RwgeNoCopy.h">
      <Filter>源文件\Common</Filter>
    </ClInclude>
  </ItemGroup>
  <ItemGroup>
    <ClCompile Include="Source\RwgeClock.cpp">
      <Filter>源文件\Common</Filter>
    </ClCompile>
    <ClCompile Include="Source\RwgeFpsController.cpp">
      <Filter>源文件\Common</Filter>
    </ClCompile>
    <ClCompile Include="Source\RwgeApplication.cpp">
      <Filter>源文件\Application</Filter>
    </ClCompile>
    <ClCompile Include="Source\RwgeInputManager.cpp">
      <Filter>源文件\Input</Filter>
    </ClCompile>
    <ClCompile Include="Source\RwgeAppWindow.cpp">
      <Filter>源文件\Application</Filter>
    </ClCompile>
    <ClCompile Include="Source\RwgeLog.cpp">
      <Filter>源文件\DebugTool</Filter>
    </ClCompile>
  </ItemGroup>
</Project>